# THIS IS AN AUTOGENERATED FILE. DO NOT EDIT THIS FILE DIRECTLY.
# yarn lockfile v1


abort-controller@^3.0.0:
  version "3.0.0"
  resolved "https://registry.yarnpkg.com/abort-controller/-/abort-controller-3.0.0.tgz#eaf54d53b62bae4138e809ca225c8439a6efb392"
  integrity sha512-h8lQ8tacZYnR3vNQTgibj+tODHI5/+l06Au2Pcriv/Gmet0eaj4TwWH41sO9wnHDiQsEj19q0drzdWdeAHtweg==
  dependencies:
    event-target-shim "^5.0.0"

abs@^1.3.13:
  version "1.3.14"
  resolved "https://registry.yarnpkg.com/abs/-/abs-1.3.14.tgz#7b078d5d0735082d5bfb23d45c2d9f440a5c2222"
  integrity sha512-PrS26IzwKLWwuURpiKl8wRmJ2KdR/azaVrLEBWG/TALwT20Y7qjtYp1qcMLHA4206hBHY5phv3w4pjf9NPv4Vw==
  dependencies:
    ul "^5.0.0"

assured@^1.0.12:
  version "1.0.15"
  resolved "https://registry.yarnpkg.com/assured/-/assured-1.0.15.tgz#f87479e8eaed7bddf2a0589571e390c989e8fe17"
  integrity sha512-EVb4T+6m5VdlTJ6gbv4WjBM1rHfzXP2BspsQ6VLswcnIQSabjJy7A9YEuG4/KmfF+9OEuT5xhqVJ+V1tClD5ww==
  dependencies:
    noop6 "^1.0.1"
    sliced "^1.0.1"

bible-english@^1.0.3:
  version "1.0.3"
  resolved "https://registry.yarnpkg.com/bible-english/-/bible-english-1.0.3.tgz#ad1127cbab6083ae19c9a355c3b625cd9b8f66fa"
  integrity sha512-oXcNUg9MJTc/YxL2oC5z6FwHUFZr6d6IL9WTQimD5DwXgFYNPIJCs1npW8++KhHyznlyjqpIwN4cEjmx0rv1Vg==
  dependencies:
    jsonrequest "^4.2.5"

bible-reference-parser@^2.0.0:
  version "2.0.0"
  resolved "https://registry.yarnpkg.com/bible-reference-parser/-/bible-reference-parser-2.0.0.tgz#6e56925b44adb2cdbce81303a6f6173ddaae3a1f"
  integrity sha512-m6JdBpFVfSSal5t3mA5mZn7puR7rnPOkVR1G6OesOKnTdV+q2+4rqwCb3DPJmpcK7d07WbmoSWtdMniz1XZq6A==

bible.js@^4.0.2:
  version "4.0.2"
  resolved "https://registry.yarnpkg.com/bible.js/-/bible.js-4.0.2.tgz#6aeb28b5089c52af9ef141e7a6645fe15d384fb3"
  integrity sha512-8gZboL/PSZWF47zc6rZSjizW5JvX8CktQAWui/vNddvI7aDsBw27egydU8FlevEqs6Pz7q6ySasnFQnHcVzBZQ==
  dependencies:
    abs "^1.3.13"
    bible-reference-parser "^2.0.0"
    bindy "^1.0.13"
    cb-buffer "^2.1.8"
    git-tools "^0.3.0"
    is-there "^4.4.4"
    levenshtein-array "^2.0.0"
    one-by-one "^3.2.7"
    regex-parser "^2.0.0"
    ul "^5.0.0"

bindy@^1.0.13:
  version "1.0.14"
  resolved "https://registry.yarnpkg.com/bindy/-/bindy-1.0.14.tgz#f225c0fd83c81dd97840858cffa4001d7a7c51d4"
  integrity sha512-sf8QQyUicGz5QVUn7eHw9QJhzQHyHaY0HhwDdXiSg095gp0zkvADCZ8Yf3F12MtPsj3XZUX4joXMh4iaTApDVA==
  dependencies:
    deffy "^2.2.2"
    sliced "^1.0.1"

buffer-alloc-unsafe@^1.1.0:
  version "1.1.0"
  resolved "https://registry.yarnpkg.com/buffer-alloc-unsafe/-/buffer-alloc-unsafe-1.1.0.tgz#bd7dc26ae2972d0eda253be061dba992349c19f0"
  integrity sha512-TEM2iMIEQdJ2yjPJoSIsldnleVaAk1oW3DBVUykyOLsEsFmEc9kn+SFFPz+gl54KQNxlDnAwCXosOS9Okx2xAg==

buffer-alloc@^1.2.0:
  version "1.2.0"
  resolved "https://registry.yarnpkg.com/buffer-alloc/-/buffer-alloc-1.2.0.tgz#890dd90d923a873e08e10e5fd51a57e5b7cce0ec"
  integrity sha512-CFsHQgjtW1UChdXgbyJGtnm+O/uLQeZdtbDo8mfUgYXCHSM1wgrVxXm6bSyrUuErEb+4sYVGCzASBRot7zyrow==
  dependencies:
    buffer-alloc-unsafe "^1.1.0"
    buffer-fill "^1.0.0"

buffer-fill@^1.0.0:
  version "1.0.0"
  resolved "https://registry.yarnpkg.com/buffer-fill/-/buffer-fill-1.0.0.tgz#f8f78b76789888ef39f205cd637f68e702122b2c"
  integrity sha512-T7zexNBwiiaCOGDg9xNX9PBmjrubblRkENuptryuI64URkXDFum9il/JGL8Lm8wYfAXpredVXXZz7eMHilimiQ==

cb-buffer@^2.1.8:
  version "2.1.9"
  resolved "https://registry.yarnpkg.com/cb-buffer/-/cb-buffer-2.1.9.tgz#1d29d15db0250a177199f0c05a74f043aeacffcb"
  integrity sha512-cGPW0zPBLI++nx3iVhC4mkafh7/PsTpNPSLkH0mYs0vlyE3wsyRIP0Uiz4wEGWu0tjd+62kM1muZN6nXUXNRvQ==

debug@^4.3.4:
  version "4.3.4"
  resolved "https://registry.yarnpkg.com/debug/-/debug-4.3.4.tgz#1319f6579357f2338d3337d2cdd4914bb5dcc865"
  integrity sha512-PRWFHuSU3eDtQJPvnNY7Jcket1j0t5OuOsFzPPzsekD52Zl8qUfFIPEiswXqIvHWGVHOgX+7G/vCNNhehwxfkQ==
  dependencies:
    ms "2.1.2"

deffy@^2.2.2:
  version "2.2.4"
  resolved "https://registry.yarnpkg.com/deffy/-/deffy-2.2.4.tgz#53c1b5f59b58a58150b1c9de5529229875c4cc17"
  integrity sha512-pLc9lsbsWjr6RxmJ2OLyvm+9l4j1yK69h+TML/gUit/t3vTijpkNGh8LioaJYTGO7F25m6HZndADcUOo2PsiUg==
  dependencies:
    typpy "^2.0.0"

dotenv@^16.0.3:
  version "16.0.3"
  resolved "https://registry.yarnpkg.com/dotenv/-/dotenv-16.0.3.tgz#115aec42bac5053db3c456db30cc243a5a836a07"
  integrity sha512-7GO6HghkA5fYG9TYnNxi14/7K9f5occMlp3zXAuSxn7CKCxt9xbNWG7yF8hTCSUchlfWSe3uLmlPfigevRItzQ==

event-target-shim@^5.0.0:
  version "5.0.1"
  resolved "https://registry.yarnpkg.com/event-target-shim/-/event-target-shim-5.0.1.tgz#5d4d3ebdf9583d63a5333ce2deb7480ab2b05789"
  integrity sha512-i/2XbnSz/uxRCU6+NdVJgKWDTM427+MqYbkQzD321DuCQJUqOuJKIA0IM2+W2xtYHdKOmZ4dR6fExsd4SXL+WQ==

follow-redirects@^1.4.1:
  version "1.15.2"
  resolved "https://registry.yarnpkg.com/follow-redirects/-/follow-redirects-1.15.2.tgz#b460864144ba63f2681096f274c4e57026da2c13"
  integrity sha512-VQLG33o04KaQ8uYi2tVNbdrWp1QWxNNea+nmIB4EVM28v0hmP17z7aG1+wAkNzVq4KeXTq3221ye5qTJP91JwA==

function.name@^1.0.3:
  version "1.0.13"
  resolved "https://registry.yarnpkg.com/function.name/-/function.name-1.0.13.tgz#eef045abc4b5ff4e3e9d001a53ce14e090c971c6"
  integrity sha512-mVrqdoy5npWZyoXl4DxCeuVF6delDcQjVS9aPdvLYlBxtMTZDR2B5GVEQEoM1jJyspCqg3C0v4ABkLE7tp9xFA==
  dependencies:
    noop6 "^1.0.1"

git-tools@^0.3.0:
  version "0.3.0"
  resolved "https://registry.yarnpkg.com/git-tools/-/git-tools-0.3.0.tgz#5f90a977d47e2722aab7f41a25eef01a5a62fca4"
  integrity sha512-JnXZgdrG0sJIJd43IA42lzqC2n6EorzPcoHzLY0qCOTlGlyGik9osBvVbewf5Ucs32LCQXzMomRdeHRMIDNlOQ==
  dependencies:
    spawnback "~1.0.0"

is-there@^4.4.4:
  version "4.5.1"
  resolved "https://registry.yarnpkg.com/is-there/-/is-there-4.5.1.tgz#ea292e7fad3fc4d70763fe0af40a286c9f5e1e2e"
  integrity sha512-vIZ7HTXAoRoIwYSsTnxb0sg9L6rth+JOulNcavsbskQkCIWoSM2cjFOWZs4wGziGZER+Xgs/HXiCQZgiL8ppxQ==

jsonrequest@^4.2.5:
  version "4.2.6"
  resolved "https://registry.yarnpkg.com/jsonrequest/-/jsonrequest-4.2.6.tgz#96fd686e8ead9763d75869d565d9cdc8a9613015"
  integrity sha512-/icyab0LIq9158C/djgV4bxbqGKDoGjsZ1UqhI6WMEYHRk4sbAlsgsiUltoMZi66Ea6iogIpy32qqkkdLtswPg==
  dependencies:
    noop6 "^1.0.6"
    tinyreq "^3.0.1"
    ul "^5.0.0"

levdist@^2.0.0:
  version "2.2.10"
  resolved "https://registry.yarnpkg.com/levdist/-/levdist-2.2.10.tgz#8c6936d253aba8386b948283d0d0a6ff95d94ecb"
  integrity sha512-0E/OIb6Yx4rBP2neLQhNqAAM36B/fpGvUBYYHSKk2ogwjK+jjwBA40auNACxQyxpnKZks0VVPHX072bF1pwWvg==

levenshtein-array@^2.0.0:
  version "2.2.10"
  resolved "https://registry.yarnpkg.com/levenshtein-array/-/levenshtein-array-2.2.10.tgz#e07521acbf6663b1c67eacc87522de6cb9471b44"
  integrity sha512-w7P2+HfJfDuhfMF7fVEt8qaCOSaWP8HSOgTj9+WEF3cSAIZrQ0OfsXXVfS0KcmUWM/DNntYSghjTRY4SJFrUHA==
  dependencies:
    levdist "^2.0.0"

moment-timezone@^0.5.43:
  version "0.5.43"
  resolved "https://registry.yarnpkg.com/moment-timezone/-/moment-timezone-0.5.43.tgz#3dd7f3d0c67f78c23cd1906b9b2137a09b3c4790"
  integrity sha512-72j3aNyuIsDxdF1i7CEgV2FfxM1r6aaqJyLB2vwb33mXYyoyLly+F1zbWqhA3/bVIoJ4szlUoMbUnVdid32NUQ==
  dependencies:
    moment "^2.29.4"

moment@^2.29.4:
  version "2.29.4"
  resolved "https://registry.yarnpkg.com/moment/-/moment-2.29.4.tgz#3dbe052889fe7c1b2ed966fcb3a77328964ef108"
  integrity sha512-5LC9SOxjSc2HF6vO2CyuTDNivEdoz2IvyJJGj6X8DJ0eFyfszE0QiEd+iXmBvUP3WHxSjFH/vIsA0EN00cgr8w==

mri@^1.2.0:
  version "1.2.0"
  resolved "https://registry.yarnpkg.com/mri/-/mri-1.2.0.tgz#6721480fec2a11a4889861115a48b6cbe7cc8f0b"
  integrity sha512-tzzskb3bG8LvYGFF/mDTpq3jpI6Q9wc3LEmBaghu+DdCssd1FakN7Bc0hVNmEyGq1bq3RgfkCb3cmQLpNPOroA==

ms@2.1.2:
  version "2.1.2"
  resolved "https://registry.yarnpkg.com/ms/-/ms-2.1.2.tgz#d09d1f357b443f493382a8eb3ccd183872ae6009"
  integrity sha512-sGkPx+VjMtmA6MX27oA4FBFELFCZZ4S4XqeGOXCv68tT+jb3vk/RyaKWP0PTKyWtmLSM0b+adUTEvbs1PEaH2w==

node-fetch@^2.6.8:
  version "2.6.9"
  resolved "https://registry.yarnpkg.com/node-fetch/-/node-fetch-2.6.9.tgz#7c7f744b5cc6eb5fd404e0c7a9fec630a55657e6"
  integrity sha512-DJm/CJkZkRjKKj4Zi4BsKVZh3ValV5IR5s7LVZnW+6YMh0W1BfNA8XSs6DLMGYlId5F3KnA70uu2qepcR08Qqg==
  dependencies:
    whatwg-url "^5.0.0"

noop6@^1.0.1, noop6@^1.0.6, noop6@^1.0.7:
  version "1.0.9"
  resolved "https://registry.yarnpkg.com/noop6/-/noop6-1.0.9.tgz#8749944c15c09f2cd2d562ac24f5a8341762a950"
  integrity sha512-DB3Hwyd89dPr5HqEPg3YHjzvwh/mCqizC1zZ8vyofqc+TQRyPDnT4wgXXbLGF4z9YAzwwTLi8pNLhGqcbSjgkA==

obj-def@^1.0.0:
  version "1.0.9"
  resolved "https://registry.yarnpkg.com/obj-def/-/obj-def-1.0.9.tgz#2e63708e91e425f11e60928db1d2d8549f6a95fa"
  integrity sha512-bQ4ya3VYD6FAA1+s6mEhaURRHSmw4+sKaXE6UyXZ1XDYc5D+c7look25dFdydmLd18epUegh398gdDkMUZI9xg==
  dependencies:
    deffy "^2.2.2"

one-by-one@^3.2.7:
  version "3.2.8"
  resolved "https://registry.yarnpkg.com/one-by-one/-/one-by-one-3.2.8.tgz#9254afa210e816bbb298e2addf4c62927d8f5e6d"
  integrity sha512-HR/pSzZdm46Xqj58K+Bu64kMbSTw8/u77AwWvV+rprO/OsuR++pPlkUJn+SmwqBGRgHKwSKQ974V3uls7crIeQ==
  dependencies:
    obj-def "^1.0.0"
    sliced "^1.0.1"

p-timeout@^4.1.0:
  version "4.1.0"
  resolved "https://registry.yarnpkg.com/p-timeout/-/p-timeout-4.1.0.tgz#788253c0452ab0ffecf18a62dff94ff1bd09ca0a"
  integrity sha512-+/wmHtzJuWii1sXn3HCuH/FTwGhrp4tmJTxSKJbfS+vkipci6osxXM5mY0jUiRzWKMTgUT8l7HFbeSwZAynqHw==

regex-parser@^2.0.0:
  version "2.2.11"
  resolved "https://registry.yarnpkg.com/regex-parser/-/regex-parser-2.2.11.tgz#3b37ec9049e19479806e878cabe7c1ca83ccfe58"
  integrity sha512-jbD/FT0+9MBU2XAZluI7w2OBs1RBi6p9M83nkoZayQXXU9e8Robt69FcZc7wU4eJD/YFTjn1JdCk3rbMJajz8Q==

safe-compare@^1.1.4:
  version "1.1.4"
  resolved "https://registry.yarnpkg.com/safe-compare/-/safe-compare-1.1.4.tgz#5e0128538a82820e2e9250cd78e45da6786ba593"
  integrity sha512-b9wZ986HHCo/HbKrRpBJb2kqXMK9CEWIE1egeEvZsYn69ay3kdfl9nG3RyOcR+jInTDf7a86WQ1d4VJX7goSSQ==
  dependencies:
    buffer-alloc "^1.2.0"

sandwich-stream@^2.0.2:
  version "2.0.2"
  resolved "https://registry.yarnpkg.com/sandwich-stream/-/sandwich-stream-2.0.2.tgz#6d1feb6cf7e9fe9fadb41513459a72c2e84000fa"
  integrity sha512-jLYV0DORrzY3xaz/S9ydJL6Iz7essZeAfnAavsJ+zsJGZ1MOnsS52yRjU3uF3pJa/lla7+wisp//fxOwOH8SKQ==

sliced@^1.0.1:
  version "1.0.1"
  resolved "https://registry.yarnpkg.com/sliced/-/sliced-1.0.1.tgz#0b3a662b5d04c3177b1926bea82b03f837a2ef41"
  integrity sha512-VZBmZP8WU3sMOZm1bdgTadsQbcscK0UM8oKxKVBs4XAhUo2Xxzm/OFMGBkPusxw9xL3Uy8LrzEqGqJhclsr0yA==

spawnback@~1.0.0:
  version "1.0.1"
  resolved "https://registry.yarnpkg.com/spawnback/-/spawnback-1.0.1.tgz#05f68b3cfd1feeab285e085b5b77a94af0cef93b"
  integrity sha512-340ZqtqJzWAZtHwaCC2gx4mdQOnkUWAWNDp7y0bCEatdjmgQ4j7b0qQ7qO5WIJWx/luNrKcrYzpKbH3NTR030A==

telegraf@^4.12.2:
  version "4.12.2"
  resolved "https://registry.yarnpkg.com/telegraf/-/telegraf-4.12.2.tgz#1cf4f38c275e04416f1282f3581833994870f0bc"
  integrity sha512-PgwqI4wD86cMqVfFtEM9JkGGnMHgvgLJbReZMmwW4z35QeOi4DvbdItONld4bPnYn3A1jcO0SRKs0BXmR+x+Ew==
  dependencies:
    abort-controller "^3.0.0"
    debug "^4.3.4"
    mri "^1.2.0"
    node-fetch "^2.6.8"
    p-timeout "^4.1.0"
    safe-compare "^1.1.4"
    sandwich-stream "^2.0.2"
    typegram "^4.3.0"

tinyreq@^3.0.1:
  version "3.4.2"
  resolved "https://registry.yarnpkg.com/tinyreq/-/tinyreq-3.4.2.tgz#77eacb8033e126eea7dfcfd43539b92fef652831"
  integrity sha512-VHl9n2w2t1HD9ftvbmYMA99g/yeioIRhpxT5cazb/jo2Vld5ZtPEVW4PhBFgNXjdL2ch8j6z0cawDCF7eIFZsQ==
  dependencies:
    assured "^1.0.12"
    follow-redirects "^1.4.1"
    noop6 "^1.0.7"
    ul "^5.2.13"

tr46@~0.0.3:
  version "0.0.3"
  resolved "https://registry.yarnpkg.com/tr46/-/tr46-0.0.3.tgz#8184fd347dac9cdc185992f3a6622e14b9d9ab6a"
  integrity sha512-N3WMsuqV66lT30CrXNbEjx4GEwlow3v6rr4mCcv6prnfwhS01rkgyFdjPNBYd9br7LpXV1+Emh01fHnq2Gdgrw==

typegram@^4.3.0:
  version "4.3.0"
  resolved "https://registry.yarnpkg.com/typegram/-/typegram-4.3.0.tgz#690ec1287f771608070e149c92de4fca42e54db0"
  integrity sha512-pS4STyOZoJ++Mwa9GPMTNjOwEzMkxFfFt1By6IbMOJfheP0utMP/H1ga6J9R4DTjAYBr0UDn4eQg++LpWBvcAg==

typpy@^2.0.0, typpy@^2.3.4:
  version "2.3.13"
  resolved "https://registry.yarnpkg.com/typpy/-/typpy-2.3.13.tgz#7e16a3aa83d7eecdfbd5ee615b9ffd785887ee7e"
  integrity sha512-vOxIcQz9sxHi+rT09SJ5aDgVgrPppQjwnnayTrMye1ODaU8gIZTDM19t9TxmEElbMihx2Nq/0/b/MtyKfayRqA==
  dependencies:
    function.name "^1.0.3"

ul@^5.0.0, ul@^5.2.13:
  version "5.2.15"
  resolved "https://registry.yarnpkg.com/ul/-/ul-5.2.15.tgz#426425355ae15df2d5d09b351aade26ed06dd9ed"
  integrity sha512-svLEUy8xSCip5IWnsRa0UOg+2zP0Wsj4qlbjTmX6GJSmvKMHADBuHOm1dpNkWqWPIGuVSqzUkV3Cris5JrlTRQ==
  dependencies:
    deffy "^2.2.2"
    typpy "^2.3.4"

webidl-conversions@^3.0.0:
  version "3.0.1"
  resolved "https://registry.yarnpkg.com/webidl-conversions/-/webidl-conversions-3.0.1.tgz#24534275e2a7bc6be7bc86611cc16ae0a5654871"
  integrity sha512-2JAn3z8AR6rjK8Sm8orRC0h/bcl/DqL7tRPdGZ4I1CjdF+EaMLmYxBHyXuKL849eucPFhvBoxMsflfOb8kxaeQ==

whatwg-url@^5.0.0:
  version "5.0.0"
  resolved "https://registry.yarnpkg.com/whatwg-url/-/whatwg-url-5.0.0.tgz#966454e8765462e37644d3626f6742ce8b70965d"
  integrity sha512-saE57nupxk6v3HY35+jzBwYa0rKSy0XR8JSxZPwgLr7ys0IBzhGviA1/TUGJLmSVqs8pb9AnvICXEuOHLprYTw==
  dependencies:
    tr46 "~0.0.3"
    webidl-conversions "^3.0.0"
